// !$*UTF8*$!
{
	archiveVersion = 1;
	classes = {
	};
	objectVersion = 56;
	objects = {

/* Begin PBXBuildFile section */
		848D7C142A8AA0DC0007EF9B /* AppDelegate.swift in Sources */ = {isa = PBXBuildFile; fileRef = 848D7C132A8AA0DC0007EF9B /* AppDelegate.swift */; };
		848D7C162A8AA0DC0007EF9B /* SceneDelegate.swift in Sources */ = {isa = PBXBuildFile; fileRef = 848D7C152A8AA0DC0007EF9B /* SceneDelegate.swift */; };
		848D7C182A8AA0DC0007EF9B /* ViewController.swift in Sources */ = {isa = PBXBuildFile; fileRef = 848D7C172A8AA0DC0007EF9B /* ViewController.swift */; };
		848D7C1B2A8AA0DC0007EF9B /* Main.storyboard in Resources */ = {isa = PBXBuildFile; fileRef = 848D7C192A8AA0DC0007EF9B /* Main.storyboard */; };
		848D7C1D2A8AA0DE0007EF9B /* Assets.xcassets in Resources */ = {isa = PBXBuildFile; fileRef = 848D7C1C2A8AA0DE0007EF9B /* Assets.xcassets */; };
		848D7C202A8AA0DE0007EF9B /* LaunchScreen.storyboard in Resources */ = {isa = PBXBuildFile; fileRef = 848D7C1E2A8AA0DE0007EF9B /* LaunchScreen.storyboard */; };
		848D7C2A2A8AA45E0007EF9B /* services.swift in Sources */ = {isa = PBXBuildFile; fileRef = 848D7C292A8AA45E0007EF9B /* services.swift */; };
		848D7C302A8AA7370007EF9B /* Constants.swift in Sources */ = {isa = PBXBuildFile; fileRef = 848D7C2F2A8AA7370007EF9B /* Constants.swift */; };
		848D7C362A8AA8670007EF9B /* HomeViewController.swift in Sources */ = {isa = PBXBuildFile; fileRef = 848D7C342A8AA8670007EF9B /* HomeViewController.swift */; };
		848D7C372A8AA8670007EF9B /* HomeViewController.xib in Resources */ = {isa = PBXBuildFile; fileRef = 848D7C352A8AA8670007EF9B /* HomeViewController.xib */; };
		848D7C3B2A8AA97B0007EF9B /* LeagueTableViewCell.swift in Sources */ = {isa = PBXBuildFile; fileRef = 848D7C392A8AA97B0007EF9B /* LeagueTableViewCell.swift */; };
		848D7C3C2A8AA97B0007EF9B /* LeagueTableViewCell.xib in Resources */ = {isa = PBXBuildFile; fileRef = 848D7C3A2A8AA97B0007EF9B /* LeagueTableViewCell.xib */; };
		848D7C4F2A8AB78A0007EF9B /* SportsViewController.storyboard in Resources */ = {isa = PBXBuildFile; fileRef = 848D7C4E2A8AB78A0007EF9B /* SportsViewController.storyboard */; };
		848D7C512A8AB79C0007EF9B /* SportsViewController.swift in Sources */ = {isa = PBXBuildFile; fileRef = 848D7C502A8AB79C0007EF9B /* SportsViewController.swift */; };
		848D7C552A8AB9870007EF9B /* SportTableViewCell.swift in Sources */ = {isa = PBXBuildFile; fileRef = 848D7C532A8AB9870007EF9B /* SportTableViewCell.swift */; };
		848D7C562A8AB9870007EF9B /* SportTableViewCell.xib in Resources */ = {isa = PBXBuildFile; fileRef = 848D7C542A8AB9870007EF9B /* SportTableViewCell.xib */; };
		848D7C5A2A8AC9AE0007EF9B /* SportDetailsViewController.swift in Sources */ = {isa = PBXBuildFile; fileRef = 848D7C582A8AC9AE0007EF9B /* SportDetailsViewController.swift */; };
		848D7C5B2A8AC9AE0007EF9B /* SportDetailsViewController.xib in Resources */ = {isa = PBXBuildFile; fileRef = 848D7C592A8AC9AE0007EF9B /* SportDetailsViewController.xib */; };
		84E8563C2A8BD96C00340C6B /* Alamofire in Frameworks */ = {isa = PBXBuildFile; productRef = 84E8563B2A8BD96C00340C6B /* Alamofire */; };
		84E8563F2A8BDF3700340C6B /* TeamsModel.swift in Sources */ = {isa = PBXBuildFile; fileRef = 84E8563E2A8BDF3700340C6B /* TeamsModel.swift */; };
		84E856422A8BF5B800340C6B /* Kingfisher in Frameworks */ = {isa = PBXBuildFile; productRef = 84E856412A8BF5B800340C6B /* Kingfisher */; };
		84E856442A8BF6EB00340C6B /* Utils.swift in Sources */ = {isa = PBXBuildFile; fileRef = 84E856432A8BF6EB00340C6B /* Utils.swift */; };
		84F05D512A8BC62A00EB3BB0 /* LeaguesModel.swift in Sources */ = {isa = PBXBuildFile; fileRef = 84F05D502A8BC62A00EB3BB0 /* LeaguesModel.swift */; };
		84F05D532A8BCE4200EB3BB0 /* Interactor.swift in Sources */ = {isa = PBXBuildFile; fileRef = 84F05D522A8BCE4200EB3BB0 /* Interactor.swift */; };
/* End PBXBuildFile section */

/* Begin PBXFileReference section */
		848D7C102A8AA0DC0007EF9B /* LeaguesApp.app */ = {isa = PBXFileReference; explicitFileType = wrapper.application; includeInIndex = 0; path = LeaguesApp.app; sourceTree = BUILT_PRODUCTS_DIR; };
		848D7C132A8AA0DC0007EF9B /* AppDelegate.swift */ = {isa = PBXFileReference; lastKnownFileType = sourcecode.swift; path = AppDelegate.swift; sourceTree = "<group>"; };
		848D7C152A8AA0DC0007EF9B /* SceneDelegate.swift */ = {isa = PBXFileReference; lastKnownFileType = sourcecode.swift; path = SceneDelegate.swift; sourceTree = "<group>"; };
		848D7C172A8AA0DC0007EF9B /* ViewController.swift */ = {isa = PBXFileReference; lastKnownFileType = sourcecode.swift; path = ViewController.swift; sourceTree = "<group>"; };
		848D7C1A2A8AA0DC0007EF9B /* Base */ = {isa = PBXFileReference; lastKnownFileType = file.storyboard; name = Base; path = Base.lproj/Main.storyboard; sourceTree = "<group>"; };
		848D7C1C2A8AA0DE0007EF9B /* Assets.xcassets */ = {isa = PBXFileReference; lastKnownFileType = folder.assetcatalog; path = Assets.xcassets; sourceTree = "<group>"; };
		848D7C1F2A8AA0DE0007EF9B /* Base */ = {isa = PBXFileReference; lastKnownFileType = file.storyboard; name = Base; path = Base.lproj/LaunchScreen.storyboard; sourceTree = "<group>"; };
		848D7C212A8AA0DE0007EF9B /* Info.plist */ = {isa = PBXFileReference; lastKnownFileType = text.plist.xml; path = Info.plist; sourceTree = "<group>"; };
		848D7C292A8AA45E0007EF9B /* services.swift */ = {isa = PBXFileReference; lastKnownFileType = sourcecode.swift; path = services.swift; sourceTree = "<group>"; };
		848D7C2F2A8AA7370007EF9B /* Constants.swift */ = {isa = PBXFileReference; lastKnownFileType = sourcecode.swift; path = Constants.swift; sourceTree = "<group>"; };
		848D7C342A8AA8670007EF9B /* HomeViewController.swift */ = {isa = PBXFileReference; lastKnownFileType = sourcecode.swift; path = HomeViewController.swift; sourceTree = "<group>"; };
		848D7C352A8AA8670007EF9B /* HomeViewController.xib */ = {isa = PBXFileReference; lastKnownFileType = file.xib; path = HomeViewController.xib; sourceTree = "<group>"; };
		848D7C392A8AA97B0007EF9B /* LeagueTableViewCell.swift */ = {isa = PBXFileReference; lastKnownFileType = sourcecode.swift; path = LeagueTableViewCell.swift; sourceTree = "<group>"; };
		848D7C3A2A8AA97B0007EF9B /* LeagueTableViewCell.xib */ = {isa = PBXFileReference; lastKnownFileType = file.xib; path = LeagueTableViewCell.xib; sourceTree = "<group>"; };
		848D7C4E2A8AB78A0007EF9B /* SportsViewController.storyboard */ = {isa = PBXFileReference; lastKnownFileType = file.storyboard; path = SportsViewController.storyboard; sourceTree = "<group>"; };
		848D7C502A8AB79C0007EF9B /* SportsViewController.swift */ = {isa = PBXFileReference; lastKnownFileType = sourcecode.swift; path = SportsViewController.swift; sourceTree = "<group>"; };
		848D7C532A8AB9870007EF9B /* SportTableViewCell.swift */ = {isa = PBXFileReference; lastKnownFileType = sourcecode.swift; path = SportTableViewCell.swift; sourceTree = "<group>"; };
		848D7C542A8AB9870007EF9B /* SportTableViewCell.xib */ = {isa = PBXFileReference; lastKnownFileType = file.xib; path = SportTableViewCell.xib; sourceTree = "<group>"; };
		848D7C582A8AC9AE0007EF9B /* SportDetailsViewController.swift */ = {isa = PBXFileReference; lastKnownFileType = sourcecode.swift; path = SportDetailsViewController.swift; sourceTree = "<group>"; };
		848D7C592A8AC9AE0007EF9B /* SportDetailsViewController.xib */ = {isa = PBXFileReference; lastKnownFileType = file.xib; path = SportDetailsViewController.xib; sourceTree = "<group>"; };
		84E8563E2A8BDF3700340C6B /* TeamsModel.swift */ = {isa = PBXFileReference; lastKnownFileType = sourcecode.swift; path = TeamsModel.swift; sourceTree = "<group>"; };
		84E856432A8BF6EB00340C6B /* Utils.swift */ = {isa = PBXFileReference; lastKnownFileType = sourcecode.swift; path = Utils.swift; sourceTree = "<group>"; };
		84F05D502A8BC62A00EB3BB0 /* LeaguesModel.swift */ = {isa = PBXFileReference; lastKnownFileType = sourcecode.swift; path = LeaguesModel.swift; sourceTree = "<group>"; };
		84F05D522A8BCE4200EB3BB0 /* Interactor.swift */ = {isa = PBXFileReference; lastKnownFileType = sourcecode.swift; path = Interactor.swift; sourceTree = "<group>"; };
/* End PBXFileReference section */

/* Begin PBXFrameworksBuildPhase section */
		848D7C0D2A8AA0DC0007EF9B /* Frameworks */ = {
			isa = PBXFrameworksBuildPhase;
			buildActionMask = 2147483647;
			files = (
				84E856422A8BF5B800340C6B /* Kingfisher in Frameworks */,
				84E8563C2A8BD96C00340C6B /* Alamofire in Frameworks */,
			);
			runOnlyForDeploymentPostprocessing = 0;
		};
/* End PBXFrameworksBuildPhase section */

/* Begin PBXGroup section */
		848D7C072A8AA0DC0007EF9B = {
			isa = PBXGroup;
			children = (
				848D7C122A8AA0DC0007EF9B /* LeaguesApp */,
				848D7C112A8AA0DC0007EF9B /* Products */,
			);
			sourceTree = "<group>";
		};
		848D7C112A8AA0DC0007EF9B /* Products */ = {
			isa = PBXGroup;
			children = (
				848D7C102A8AA0DC0007EF9B /* LeaguesApp.app */,
			);
			name = Products;
			sourceTree = "<group>";
		};
		848D7C122A8AA0DC0007EF9B /* LeaguesApp */ = {
			isa = PBXGroup;
			children = (
				848D7C572A8AC9860007EF9B /* SportDetails */,
				848D7C4D2A8AB76E0007EF9B /* Sports */,
				848D7C2E2A8AA70D0007EF9B /* Utils */,
				848D7C2C2A8AA6F20007EF9B /* Interactor */,
				848D7C282A8AA1170007EF9B /* Leagues */,
				848D7C272A8AA1010007EF9B /* DataService */,
				848D7C132A8AA0DC0007EF9B /* AppDelegate.swift */,
				848D7C152A8AA0DC0007EF9B /* SceneDelegate.swift */,
				848D7C172A8AA0DC0007EF9B /* ViewController.swift */,
				848D7C192A8AA0DC0007EF9B /* Main.storyboard */,
				848D7C1C2A8AA0DE0007EF9B /* Assets.xcassets */,
				848D7C1E2A8AA0DE0007EF9B /* LaunchScreen.storyboard */,
				848D7C212A8AA0DE0007EF9B /* Info.plist */,
			);
			path = LeaguesApp;
			sourceTree = "<group>";
		};
		848D7C272A8AA1010007EF9B /* DataService */ = {
			isa = PBXGroup;
			children = (
				84F05D4F2A8BC5C800EB3BB0 /* Models */,
				848D7C292A8AA45E0007EF9B /* services.swift */,
			);
			path = DataService;
			sourceTree = "<group>";
		};
		848D7C282A8AA1170007EF9B /* Leagues */ = {
			isa = PBXGroup;
			children = (
				848D7C382A8AA94E0007EF9B /* LeaguesCell */,
				848D7C312A8AA7EA0007EF9B /* Home */,
			);
			path = Leagues;
			sourceTree = "<group>";
		};
		848D7C2C2A8AA6F20007EF9B /* Interactor */ = {
			isa = PBXGroup;
			children = (
				84F05D522A8BCE4200EB3BB0 /* Interactor.swift */,
				848D7C2D2A8AA7000007EF9B /* Models */,
			);
			path = Interactor;
			sourceTree = "<group>";
		};
		848D7C2D2A8AA7000007EF9B /* Models */ = {
			isa = PBXGroup;
			children = (
			);
			path = Models;
			sourceTree = "<group>";
		};
		848D7C2E2A8AA70D0007EF9B /* Utils */ = {
			isa = PBXGroup;
			children = (
				848D7C2F2A8AA7370007EF9B /* Constants.swift */,
				84E856432A8BF6EB00340C6B /* Utils.swift */,
			);
			path = Utils;
			sourceTree = "<group>";
		};
		848D7C312A8AA7EA0007EF9B /* Home */ = {
			isa = PBXGroup;
			children = (
				848D7C342A8AA8670007EF9B /* HomeViewController.swift */,
				848D7C352A8AA8670007EF9B /* HomeViewController.xib */,
			);
			path = Home;
			sourceTree = "<group>";
		};
		848D7C382A8AA94E0007EF9B /* LeaguesCell */ = {
			isa = PBXGroup;
			children = (
				848D7C392A8AA97B0007EF9B /* LeagueTableViewCell.swift */,
				848D7C3A2A8AA97B0007EF9B /* LeagueTableViewCell.xib */,
			);
			path = LeaguesCell;
			sourceTree = "<group>";
		};
		848D7C4D2A8AB76E0007EF9B /* Sports */ = {
			isa = PBXGroup;
			children = (
				848D7C522A8AB9640007EF9B /* Cell */,
				848D7C4E2A8AB78A0007EF9B /* SportsViewController.storyboard */,
				848D7C502A8AB79C0007EF9B /* SportsViewController.swift */,
			);
			path = Sports;
			sourceTree = "<group>";
		};
		848D7C522A8AB9640007EF9B /* Cell */ = {
			isa = PBXGroup;
			children = (
				848D7C532A8AB9870007EF9B /* SportTableViewCell.swift */,
				848D7C542A8AB9870007EF9B /* SportTableViewCell.xib */,
			);
			path = Cell;
			sourceTree = "<group>";
		};
		848D7C572A8AC9860007EF9B /* SportDetails */ = {
			isa = PBXGroup;
			children = (
				848D7C582A8AC9AE0007EF9B /* SportDetailsViewController.swift */,
				848D7C592A8AC9AE0007EF9B /* SportDetailsViewController.xib */,
			);
			path = SportDetails;
			sourceTree = "<group>";
		};
		84F05D4F2A8BC5C800EB3BB0 /* Models */ = {
			isa = PBXGroup;
			children = (
				84F05D502A8BC62A00EB3BB0 /* LeaguesModel.swift */,
				84E8563E2A8BDF3700340C6B /* TeamsModel.swift */,
			);
			path = Models;
			sourceTree = "<group>";
		};
/* End PBXGroup section */

/* Begin PBXNativeTarget section */
		848D7C0F2A8AA0DC0007EF9B /* LeaguesApp */ = {
			isa = PBXNativeTarget;
			buildConfigurationList = 848D7C242A8AA0DE0007EF9B /* Build configuration list for PBXNativeTarget "LeaguesApp" */;
			buildPhases = (
				848D7C0C2A8AA0DC0007EF9B /* Sources */,
				848D7C0D2A8AA0DC0007EF9B /* Frameworks */,
				848D7C0E2A8AA0DC0007EF9B /* Resources */,
			);
			buildRules = (
			);
			dependencies = (
			);
			name = LeaguesApp;
			packageProductDependencies = (
				84E8563B2A8BD96C00340C6B /* Alamofire */,
				84E856412A8BF5B800340C6B /* Kingfisher */,
			);
			productName = LeaguesApp;
			productReference = 848D7C102A8AA0DC0007EF9B /* LeaguesApp.app */;
			productType = "com.apple.product-type.application";
		};
/* End PBXNativeTarget section */

/* Begin PBXProject section */
		848D7C082A8AA0DC0007EF9B /* Project object */ = {
			isa = PBXProject;
			attributes = {
				BuildIndependentTargetsInParallel = 1;
				LastSwiftUpdateCheck = 1430;
				LastUpgradeCheck = 1430;
				TargetAttributes = {
					848D7C0F2A8AA0DC0007EF9B = {
						CreatedOnToolsVersion = 14.3.1;
					};
				};
			};
			buildConfigurationList = 848D7C0B2A8AA0DC0007EF9B /* Build configuration list for PBXProject "LeaguesApp" */;
			compatibilityVersion = "Xcode 14.0";
			developmentRegion = en;
			hasScannedForEncodings = 0;
			knownRegions = (
				en,
				Base,
			);
			mainGroup = 848D7C072A8AA0DC0007EF9B;
			packageReferences = (
				84E8563A2A8BD96C00340C6B /* XCRemoteSwiftPackageReference "Alamofire" */,
				84E856402A8BF5B800340C6B /* XCRemoteSwiftPackageReference "Kingfisher" */,
			);
			productRefGroup = 848D7C112A8AA0DC0007EF9B /* Products */;
			projectDirPath = "";
			projectRoot = "";
			targets = (
				848D7C0F2A8AA0DC0007EF9B /* LeaguesApp */,
			);
		};
/* End PBXProject section */

/* Begin PBXResourcesBuildPhase section */
		848D7C0E2A8AA0DC0007EF9B /* Resources */ = {
			isa = PBXResourcesBuildPhase;
			buildActionMask = 2147483647;
			files = (
				848D7C202A8AA0DE0007EF9B /* LaunchScreen.storyboard in Resources */,
				848D7C562A8AB9870007EF9B /* SportTableViewCell.xib in Resources */,
				848D7C1D2A8AA0DE0007EF9B /* Assets.xcassets in Resources */,
				848D7C4F2A8AB78A0007EF9B /* SportsViewController.storyboard in Resources */,
				848D7C5B2A8AC9AE0007EF9B /* SportDetailsViewController.xib in Resources */,
				848D7C3C2A8AA97B0007EF9B /* LeagueTableViewCell.xib in Resources */,
				848D7C1B2A8AA0DC0007EF9B /* Main.storyboard in Resources */,
				848D7C372A8AA8670007EF9B /* HomeViewController.xib in Resources */,
			);
			runOnlyForDeploymentPostprocessing = 0;
		};
/* End PBXResourcesBuildPhase section */

/* Begin PBXSourcesBuildPhase section */
		848D7C0C2A8AA0DC0007EF9B /* Sources */ = {
			isa = PBXSourcesBuildPhase;
			buildActionMask = 2147483647;
			files = (
				848D7C302A8AA7370007EF9B /* Constants.swift in Sources */,
				848D7C182A8AA0DC0007EF9B /* ViewController.swift in Sources */,
				848D7C2A2A8AA45E0007EF9B /* services.swift in Sources */,
				84E856442A8BF6EB00340C6B /* Utils.swift in Sources */,
				848D7C552A8AB9870007EF9B /* SportTableViewCell.swift in Sources */,
				848D7C5A2A8AC9AE0007EF9B /* SportDetailsViewController.swift in Sources */,
				848D7C142A8AA0DC0007EF9B /* AppDelegate.swift in Sources */,
				84F05D532A8BCE4200EB3BB0 /* Interactor.swift in Sources */,
				848D7C162A8AA0DC0007EF9B /* SceneDelegate.swift in Sources */,
				84F05D512A8BC62A00EB3BB0 /* LeaguesModel.swift in Sources */,
				848D7C3B2A8AA97B0007EF9B /* LeagueTableViewCell.swift in Sources */,
				84E8563F2A8BDF3700340C6B /* TeamsModel.swift in Sources */,
				848D7C362A8AA8670007EF9B /* HomeViewController.swift in Sources */,
				848D7C512A8AB79C0007EF9B /* SportsViewController.swift in Sources */,
			);
			runOnlyForDeploymentPostprocessing = 0;
		};
/* End PBXSourcesBuildPhase section */

/* Begin PBXVariantGroup section */
		848D7C192A8AA0DC0007EF9B /* Main.storyboard */ = {
			isa = PBXVariantGroup;
			children = (
				848D7C1A2A8AA0DC0007EF9B /* Base */,
			);
			name = Main.storyboard;
			sourceTree = "<group>";
		};
		848D7C1E2A8AA0DE0007EF9B /* LaunchScreen.storyboard */ = {
			isa = PBXVariantGroup;
			children = (
				848D7C1F2A8AA0DE0007EF9B /* Base */,
			);
			name = LaunchScreen.storyboard;
			sourceTree = "<group>";
		};
/* End PBXVariantGroup section */

/* Begin XCBuildConfiguration section */
		848D7C222A8AA0DE0007EF9B /* Debug */ = {
			isa = XCBuildConfiguration;
			buildSettings = {
				ALWAYS_SEARCH_USER_PATHS = NO;
				CLANG_ANALYZER_NONNULL = YES;
				CLANG_ANALYZER_NUMBER_OBJECT_CONVERSION = YES_AGGRESSIVE;
				CLANG_CXX_LANGUAGE_STANDARD = "gnu++20";
				CLANG_ENABLE_MODULES = YES;
				CLANG_ENABLE_OBJC_ARC = YES;
				CLANG_ENABLE_OBJC_WEAK = YES;
				CLANG_WARN_BLOCK_CAPTURE_AUTORELEASING = YES;
				CLANG_WARN_BOOL_CONVERSION = YES;
				CLANG_WARN_COMMA = YES;
				CLANG_WARN_CONSTANT_CONVERSION = YES;
				CLANG_WARN_DEPRECATED_OBJC_IMPLEMENTATIONS = YES;
				CLANG_WARN_DIRECT_OBJC_ISA_USAGE = YES_ERROR;
				CLANG_WARN_DOCUMENTATION_COMMENTS = YES;
				CLANG_WARN_EMPTY_BODY = YES;
				CLANG_WARN_ENUM_CONVERSION = YES;
				CLANG_WARN_INFINITE_RECURSION = YES;
				CLANG_WARN_INT_CONVERSION = YES;
				CLANG_WARN_NON_LITERAL_NULL_CONVERSION = YES;
				CLANG_WARN_OBJC_IMPLICIT_RETAIN_SELF = YES;
				CLANG_WARN_OBJC_LITERAL_CONVERSION = YES;
				CLANG_WARN_OBJC_ROOT_CLASS = YES_ERROR;
				CLANG_WARN_QUOTED_INCLUDE_IN_FRAMEWORK_HEADER = YES;
				CLANG_WARN_RANGE_LOOP_ANALYSIS = YES;
				CLANG_WARN_STRICT_PROTOTYPES = YES;
				CLANG_WARN_SUSPICIOUS_MOVE = YES;
				CLANG_WARN_UNGUARDED_AVAILABILITY = YES_AGGRESSIVE;
				CLANG_WARN_UNREACHABLE_CODE = YES;
				CLANG_WARN__DUPLICATE_METHOD_MATCH = YES;
				COPY_PHASE_STRIP = NO;
				DEBUG_INFORMATION_FORMAT = dwarf;
				ENABLE_STRICT_OBJC_MSGSEND = YES;
				ENABLE_TESTABILITY = YES;
				GCC_C_LANGUAGE_STANDARD = gnu11;
				GCC_DYNAMIC_NO_PIC = NO;
				GCC_NO_COMMON_BLOCKS = YES;
				GCC_OPTIMIZATION_LEVEL = 0;
				GCC_PREPROCESSOR_DEFINITIONS = (
					"DEBUG=1",
					"$(inherited)",
				);
				GCC_WARN_64_TO_32_BIT_CONVERSION = YES;
				GCC_WARN_ABOUT_RETURN_TYPE = YES_ERROR;
				GCC_WARN_UNDECLARED_SELECTOR = YES;
				GCC_WARN_UNINITIALIZED_AUTOS = YES_AGGRESSIVE;
				GCC_WARN_UNUSED_FUNCTION = YES;
				GCC_WARN_UNUSED_VARIABLE = YES;
				IPHONEOS_DEPLOYMENT_TARGET = 16.4;
				MTL_ENABLE_DEBUG_INFO = INCLUDE_SOURCE;
				MTL_FAST_MATH = YES;
				ONLY_ACTIVE_ARCH = YES;
				SDKROOT = iphoneos;
				SWIFT_ACTIVE_COMPILATION_CONDITIONS = DEBUG;
				SWIFT_OPTIMIZATION_LEVEL = "-Onone";
			};
			name = Debug;
		};
		848D7C232A8AA0DE0007EF9B /* Release */ = {
			isa = XCBuildConfiguration;
			buildSettings = {
				ALWAYS_SEARCH_USER_PATHS = NO;
				CLANG_ANALYZER_NONNULL = YES;
				CLANG_ANALYZER_NUMBER_OBJECT_CONVERSION = YES_AGGRESSIVE;
				CLANG_CXX_LANGUAGE_STANDARD = "gnu++20";
				CLANG_ENABLE_MODULES = YES;
				CLANG_ENABLE_OBJC_ARC = YES;
				CLANG_ENABLE_OBJC_WEAK = YES;
				CLANG_WARN_BLOCK_CAPTURE_AUTORELEASING = YES;
				CLANG_WARN_BOOL_CONVERSION = YES;
				CLANG_WARN_COMMA = YES;
				CLANG_WARN_CONSTANT_CONVERSION = YES;
				CLANG_WARN_DEPRECATED_OBJC_IMPLEMENTATIONS = YES;
				CLANG_WARN_DIRECT_OBJC_ISA_USAGE = YES_ERROR;
				CLANG_WARN_DOCUMENTATION_COMMENTS = YES;
				CLANG_WARN_EMPTY_BODY = YES;
				CLANG_WARN_ENUM_CONVERSION = YES;
				CLANG_WARN_INFINITE_RECURSION = YES;
				CLANG_WARN_INT_CONVERSION = YES;
				CLANG_WARN_NON_LITERAL_NULL_CONVERSION = YES;
				CLANG_WARN_OBJC_IMPLICIT_RETAIN_SELF = YES;
				CLANG_WARN_OBJC_LITERAL_CONVERSION = YES;
				CLANG_WARN_OBJC_ROOT_CLASS = YES_ERROR;
				CLANG_WARN_QUOTED_INCLUDE_IN_FRAMEWORK_HEADER = YES;
				CLANG_WARN_RANGE_LOOP_ANALYSIS = YES;
				CLANG_WARN_STRICT_PROTOTYPES = YES;
				CLANG_WARN_SUSPICIOUS_MOVE = YES;
				CLANG_WARN_UNGUARDED_AVAILABILITY = YES_AGGRESSIVE;
				CLANG_WARN_UNREACHABLE_CODE = YES;
				CLANG_WARN__DUPLICATE_METHOD_MATCH = YES;
				COPY_PHASE_STRIP = NO;
				DEBUG_INFORMATION_FORMAT = "dwarf-with-dsym";
				ENABLE_NS_ASSERTIONS = NO;
				ENABLE_STRICT_OBJC_MSGSEND = YES;
				GCC_C_LANGUAGE_STANDARD = gnu11;
				GCC_NO_COMMON_BLOCKS = YES;
				GCC_WARN_64_TO_32_BIT_CONVERSION = YES;
				GCC_WARN_ABOUT_RETURN_TYPE = YES_ERROR;
				GCC_WARN_UNDECLARED_SELECTOR = YES;
				GCC_WARN_UNINITIALIZED_AUTOS = YES_AGGRESSIVE;
				GCC_WARN_UNUSED_FUNCTION = YES;
				GCC_WARN_UNUSED_VARIABLE = YES;
				IPHONEOS_DEPLOYMENT_TARGET = 16.4;
				MTL_ENABLE_DEBUG_INFO = NO;
				MTL_FAST_MATH = YES;
				SDKROOT = iphoneos;
				SWIFT_COMPILATION_MODE = wholemodule;
				SWIFT_OPTIMIZATION_LEVEL = "-O";
				VALIDATE_PRODUCT = YES;
			};
			name = Release;
		};
		848D7C252A8AA0DE0007EF9B /* Debug */ = {
			isa = XCBuildConfiguration;
			buildSettings = {
				ASSETCATALOG_COMPILER_APPICON_NAME = AppIcon;
				ASSETCATALOG_COMPILER_GLOBAL_ACCENT_COLOR_NAME = AccentColor;
				CODE_SIGN_STYLE = Automatic;
				CURRENT_PROJECT_VERSION = 1;
				GENERATE_INFOPLIST_FILE = YES;
				INFOPLIST_FILE = LeaguesApp/Info.plist;
				INFOPLIST_KEY_UIApplicationSupportsIndirectInputEvents = YES;
				INFOPLIST_KEY_UILaunchStoryboardName = LaunchScreen;
				INFOPLIST_KEY_UIMainStoryboardFile = Main;
				INFOPLIST_KEY_UISupportedInterfaceOrientations_iPad = "UIInterfaceOrientationPortrait UIInterfaceOrientationPortraitUpsideDown UIInterfaceOrientationLandscapeLeft UIInterfaceOrientationLandscapeRight";
				INFOPLIST_KEY_UISupportedInterfaceOrientations_iPhone = "UIInterfaceOrientationPortrait UIInterfaceOrientationLandscapeLeft UIInterfaceOrientationLandscapeRight";
				LD_RUNPATH_SEARCH_PATHS = (
					"$(inherited)",
					"@executable_path/Frameworks",
				);
				MARKETING_VERSION = 1.0;
				ONLY_ACTIVE_ARCH = YES;
				PRODUCT_BUNDLE_IDENTIFIER = com.ns.LeaguesApp;
				PRODUCT_NAME = "$(TARGET_NAME)";
				SWIFT_EMIT_LOC_STRINGS = YES;
				SWIFT_VERSION = 5.0;
				TARGETED_DEVICE_FAMILY = "1,2";
			};
			name = Debug;
		};
		848D7C262A8AA0DE0007EF9B /* Release */ = {
			isa = XCBuildConfiguration;
			buildSettings = {
				ASSETCATALOG_COMPILER_APPICON_NAME = AppIcon;
				ASSETCATALOG_COMPILER_GLOBAL_ACCENT_COLOR_NAME = AccentColor;
				CODE_SIGN_STYLE = Automatic;
				CURRENT_PROJECT_VERSION = 1;
				GENERATE_INFOPLIST_FILE = YES;
				INFOPLIST_FILE = LeaguesApp/Info.plist;
				INFOPLIST_KEY_UIApplicationSupportsIndirectInputEvents = YES;
				INFOPLIST_KEY_UILaunchStoryboardName = LaunchScreen;
				INFOPLIST_KEY_UIMainStoryboardFile = Main;
				INFOPLIST_KEY_UISupportedInterfaceOrientations_iPad = "UIInterfaceOrientationPortrait UIInterfaceOrientationPortraitUpsideDown UIInterfaceOrientationLandscapeLeft UIInterfaceOrientationLandscapeRight";
				INFOPLIST_KEY_UISupportedInterfaceOrientations_iPhone = "UIInterfaceOrientationPortrait UIInterfaceOrientationLandscapeLeft UIInterfaceOrientationLandscapeRight";
				LD_RUNPATH_SEARCH_PATHS = (
					"$(inherited)",
					"@executable_path/Frameworks",
				);
				MARKETING_VERSION = 1.0;
				PRODUCT_BUNDLE_IDENTIFIER = com.ns.LeaguesApp;
				PRODUCT_NAME = "$(TARGET_NAME)";
				SWIFT_EMIT_LOC_STRINGS = YES;
				SWIFT_VERSION = 5.0;
				TARGETED_DEVICE_FAMILY = "1,2";
			};
			name = Release;
		};
/* End XCBuildConfiguration section */

/* Begin XCConfigurationList section */
		848D7C0B2A8AA0DC0007EF9B /* Build configuration list for PBXProject "LeaguesApp" */ = {
			isa = XCConfigurationList;
			buildConfigurations = (
				848D7C222A8AA0DE0007EF9B /* Debug */,
				848D7C232A8AA0DE0007EF9B /* Release */,
			);
			defaultConfigurationIsVisible = 0;
			defaultConfigurationName = Release;
		};
		848D7C242A8AA0DE0007EF9B /* Build configuration list for PBXNativeTarget "LeaguesApp" */ = {
			isa = XCConfigurationList;
			buildConfigurations = (
				848D7C252A8AA0DE0007EF9B /* Debug */,
				848D7C262A8AA0DE0007EF9B /* Release */,
			);
			defaultConfigurationIsVisible = 0;
			defaultConfigurationName = Release;
		};
/* End XCConfigurationList section */

/* Begin XCRemoteSwiftPackageReference section */
		84E8563A2A8BD96C00340C6B /* XCRemoteSwiftPackageReference "Alamofire" */ = {
			isa = XCRemoteSwiftPackageReference;
			repositoryURL = "https://github.com/Alamofire/Alamofire.git";
			requirement = {
				kind = exactVersion;
				version = 4.9.1;
			};
		};
		84E856402A8BF5B800340C6B /* XCRemoteSwiftPackageReference "Kingfisher" */ = {
			isa = XCRemoteSwiftPackageReference;
			repositoryURL = "https://github.com/onevcat/Kingfisher.git";
			requirement = {
				kind = upToNextMajorVersion;
				minimumVersion = 7.0.0;
			};
		};
/* End XCRemoteSwiftPackageReference section */

/* Begin XCSwiftPackageProductDependency section */
		84E8563B2A8BD96C00340C6B /* Alamofire */ = {
			isa = XCSwiftPackageProductDependency;
			package = 84E8563A2A8BD96C00340C6B /* XCRemoteSwiftPackageReference "Alamofire" */;
			productName = Alamofire;
		};
		84E856412A8BF5B800340C6B /* Kingfisher */ = {
			isa = XCSwiftPackageProductDependency;
			package = 84E856402A8BF5B800340C6B /* XCRemoteSwiftPackageReference "Kingfisher" */;
			productName = Kingfisher;
		};
/* End XCSwiftPackageProductDependency section */
	};
	rootObject = 848D7C082A8AA0DC0007EF9B /* Project object */;
}
